{
  "name": "grid-studies",
  "version": "1.0.0",
  "lockfileVersion": 3,
  "requires": true,
  "packages": {
    "": {
      "name": "grid-studies",
      "version": "1.0.0",
      "license": "ISC",
      "dependencies": {
        "monome-grid": "^1.0.2"
      }
    },
    "node_modules/binpack": {
      "version": "0.1.0",
      "resolved": "https://registry.npmjs.org/binpack/-/binpack-0.1.0.tgz",
      "integrity": "sha512-KcSrsGiIKgklTWweVb9XnZPWO1/rGSsK3fwR7VnbDPbLKPlkvSKd/ZrJ1W712r6HzH5u0fa/AZCftATO09x8Aw=="
    },
    "node_modules/debug": {
      "version": "2.6.9",
      "resolved": "https://registry.npmjs.org/debug/-/debug-2.6.9.tgz",
      "integrity": "sha512-bC7ElrdJaJnPbAP+1EotYvqZsb3ecl5wi6Bfi6BJTUcNowp6cvspg0jXznRTKDjm/E7AdgFBVeAPVMNcKGsHMA==",
      "dependencies": {
        "ms": "2.0.0"
      }
    },
    "node_modules/monome-grid": {
      "version": "1.0.2",
      "resolved": "https://registry.npmjs.org/monome-grid/-/monome-grid-1.0.2.tgz",
      "integrity": "sha512-IX6Q+WJatsqX67gsqd6R2SM2qFthStY+WUWC2SUR4jCOM27RVkMEbmEyJonZE+LkrEL62AbLpz0b6Mubaec7NQ==",
      "dependencies": {
        "serialosc": "0.0.4"
      }
    },
    "node_modules/ms": {
      "version": "2.0.0",
      "resolved": "https://registry.npmjs.org/ms/-/ms-2.0.0.tgz",
      "integrity": "sha512-Tpp60P6IUJDTuOq/5Z8cdskzJujfwqfOTkrwIwj7IRISpnkJnT6SyJ4PCPnGMoFjC9ddhal5KVIYtAt97ix05A=="
    },
    "node_modules/osc-emitter": {
      "version": "1.0.4",
      "resolved": "https://registry.npmjs.org/osc-emitter/-/osc-emitter-1.0.4.tgz",
      "integrity": "sha512-azWdFNIFqhluPRwhAamzP6NTVjJN+Y19XXYwYebyuL7p0NsdoV3+wzeayJzfzL+NAmmr6CiyTOthUjjVOV5jmA==",
      "dependencies": {
        "debug": "^2.2.0",
        "osc-min": "~1.1.1"
      }
    },
    "node_modules/osc-min": {
      "version": "1.1.2",
      "resolved": "https://registry.npmjs.org/osc-min/-/osc-min-1.1.2.tgz",
      "integrity": "sha512-8DbiO8ME85R75stgNVCZtHxB9MNBBNcyy+isNBXrsFeinXGjwNAauvKVmGlfRas5VJWC/mhzIx7spR2gFvWxvg==",
      "dependencies": {
        "binpack": "~0"
      },
      "engines": {
        "node": ">=0.10.0"
      }
    },
    "node_modules/osc-receiver": {
      "version": "1.1.3",
      "resolved": "https://registry.npmjs.org/osc-receiver/-/osc-receiver-1.1.3.tgz",
      "integrity": "sha512-8n2XzkQ4deooIXi+bwMscu42skq37yUlhX/FMipiA+hwNiCj1Ie/dY68/1K4hByplFW23N80mH/kBsCauT8T2A==",
      "dependencies": {
        "debug": "^2.2.0",
        "osc-min": "1.1.1"
      }
    },
    "node_modules/osc-receiver/node_modules/osc-min": {
      "version": "1.1.1",
      "resolved": "https://registry.npmjs.org/osc-min/-/osc-min-1.1.1.tgz",
      "integrity": "sha512-K6N1P0mGhsg/GhQbxY8rF5fYJcp1AYjUc6kBAm6IuowQG+AsfuDVO9TR6Ba5h1PHUdq9hibjuQygoYQdIYmDtg==",
      "dependencies": {
        "binpack": "~0"
      },
      "engines": {
        "node": ">=0.10.0"
      }
    },
    "node_modules/serialosc": {
      "version": "0.0.4",
      "resolved": "https://registry.npmjs.org/serialosc/-/serialosc-0.0.4.tgz",
      "integrity": "sha512-vo2283CWrJq06p49yKILgvOK8qIL1fgVSI5zADGJQfTBFQb+UPYRVGYV8OHknn+x+V7xD1g7ywcH4p4YftGihA==",
      "dependencies": {
        "osc-emitter": "^1.0.0",
        "osc-receiver": "^1.1.0",
        "underscore": "^1.6.0"
      }
    },
    "node_modules/underscore": {
      "version": "1.13.6",
      "resolved": "https://registry.npmjs.org/underscore/-/underscore-1.13.6.tgz",
      "integrity": "sha512-+A5Sja4HP1M08MaXya7p5LvjuM7K6q/2EaC0+iovj/wOcMsTzMvDFbasi/oSapiwOlt252IqsKqPjCl7huKS0A=="
    }
  }
}
